
Microsoft Visual Studio Solution File, Format Version 12.00
# Visual Studio Version 17
VisualStudioVersion = 17.8.34330.188
MinimumVisualStudioVersion = 10.0.40219.1
Project("{FAE04EC0-301F-11D3-BF4B-00C04F79EFBC}") = "ConsoleApp1", "ConsoleApp1\ConsoleApp1.csproj", "{395EE13A-36C0-4658-9D2B-5EC7FDEFD59D}"
EndProject
Global
	GlobalSection(SolutionConfigurationPlatforms) = preSolution
		Debug|Any CPU = Debug|Any CPU
		Release|Any CPU = Release|Any CPU
	EndGlobalSection
	GlobalSection(ProjectConfigurationPlatforms) = postSolution
		{395EE13A-36C0-4658-9D2B-5EC7FDEFD59D}.Debug|Any CPU.ActiveCfg = Debug|Any CPU
		{395EE13A-36C0-4658-9D2B-5EC7FDEFD59D}.Debug|Any CPU.Build.0 = Debug|Any CPU
		{395EE13A-36C0-4658-9D2B-5EC7FDEFD59D}.Release|Any CPU.ActiveCfg = Release|Any CPU
		{395EE13A-36C0-4658-9D2B-5EC7FDEFD59D}.Release|Any CPU.Build.0 = Release|Any CPU
	EndGlobalSection
	GlobalSection(SolutionProperties) = preSolution
		HideSolutionNode = FALSE
	EndGlobalSection
	GlobalSection(ExtensibilityGlobals) = postSolution
		SolutionGuid = {B145C45A-3CF2-47AC-A3AA-B6850164DC2D}
	EndGlobalSection
EndGlobal
