
Microsoft Visual Studio Solution File, Format Version 12.00
# Visual Studio Version 17
VisualStudioVersion = 17.5.002.0
MinimumVisualStudioVersion = 10.0.40219.1
Project("{9A19103F-16F7-4668-BE54-9A1E7A4F7556}") = "baitap1", "baitap1.csproj", "{E73B5252-BA9F-4ADD-916F-5FBA51DC2AE9}"
EndProject
Global
	GlobalSection(SolutionConfigurationPlatforms) = preSolution
		Debug|Any CPU = Debug|Any CPU
		Release|Any CPU = Release|Any CPU
	EndGlobalSection
	GlobalSection(ProjectConfigurationPlatforms) = postSolution
		{E73B5252-BA9F-4ADD-916F-5FBA51DC2AE9}.Debug|Any CPU.ActiveCfg = Debug|Any CPU
		{E73B5252-BA9F-4ADD-916F-5FBA51DC2AE9}.Debug|Any CPU.Build.0 = Debug|Any CPU
		{E73B5252-BA9F-4ADD-916F-5FBA51DC2AE9}.Release|Any CPU.ActiveCfg = Release|Any CPU
		{E73B5252-BA9F-4ADD-916F-5FBA51DC2AE9}.Release|Any CPU.Build.0 = Release|Any CPU
	EndGlobalSection
	GlobalSection(SolutionProperties) = preSolution
		HideSolutionNode = FALSE
	EndGlobalSection
	GlobalSection(ExtensibilityGlobals) = postSolution
		SolutionGuid = {C6A45248-5B82-4812-B075-C4617B5E44EB}
	EndGlobalSection
EndGlobal
