
Microsoft Visual Studio Solution File, Format Version 12.00
# Visual Studio Version 17
VisualStudioVersion = 17.5.002.0
MinimumVisualStudioVersion = 10.0.40219.1
Project("{9A19103F-16F7-4668-BE54-9A1E7A4F7556}") = "baitap3", "baitap3.csproj", "{230823E8-CBDE-4E8D-9A30-13A2FAC2B463}"
EndProject
Global
	GlobalSection(SolutionConfigurationPlatforms) = preSolution
		Debug|Any CPU = Debug|Any CPU
		Release|Any CPU = Release|Any CPU
	EndGlobalSection
	GlobalSection(ProjectConfigurationPlatforms) = postSolution
		{230823E8-CBDE-4E8D-9A30-13A2FAC2B463}.Debug|Any CPU.ActiveCfg = Debug|Any CPU
		{230823E8-CBDE-4E8D-9A30-13A2FAC2B463}.Debug|Any CPU.Build.0 = Debug|Any CPU
		{230823E8-CBDE-4E8D-9A30-13A2FAC2B463}.Release|Any CPU.ActiveCfg = Release|Any CPU
		{230823E8-CBDE-4E8D-9A30-13A2FAC2B463}.Release|Any CPU.Build.0 = Release|Any CPU
	EndGlobalSection
	GlobalSection(SolutionProperties) = preSolution
		HideSolutionNode = FALSE
	EndGlobalSection
	GlobalSection(ExtensibilityGlobals) = postSolution
		SolutionGuid = {88C81275-4F4D-4795-9E1D-90444CC7881A}
	EndGlobalSection
EndGlobal
